
Microsoft Visual Studio Solution File, Format Version 12.00
# Visual Studio Version 16
VisualStudioVersion = 16.0.31729.503
MinimumVisualStudioVersion = 10.0.40219.1
Project("{FAE04EC0-301F-11D3-BF4B-00C04F79EFBC}") = "ReStartUp", "ReStartUp.csproj", "{60F7A264-DA00-43C1-A9F2-DDA60C92DD64}"
EndProject
Global
	GlobalSection(SolutionConfigurationPlatforms) = preSolution
		Debug|Any CPU = Debug|Any CPU
		Release|Any CPU = Release|Any CPU
	EndGlobalSection
	GlobalSection(ProjectConfigurationPlatforms) = postSolution
		{60F7A264-DA00-43C1-A9F2-DDA60C92DD64}.Debug|Any CPU.ActiveCfg = Debug|Any CPU
		{60F7A264-DA00-43C1-A9F2-DDA60C92DD64}.Debug|Any CPU.Build.0 = Debug|Any CPU
		{60F7A264-DA00-43C1-A9F2-DDA60C92DD64}.Release|Any CPU.ActiveCfg = Release|Any CPU
		{60F7A264-DA00-43C1-A9F2-DDA60C92DD64}.Release|Any CPU.Build.0 = Release|Any CPU
	EndGlobalSection
	GlobalSection(SolutionProperties) = preSolution
		HideSolutionNode = FALSE
	EndGlobalSection
	GlobalSection(ExtensibilityGlobals) = postSolution
		SolutionGuid = {5AA64169-90EE-450D-91E9-5AFF1C8E3733}
	EndGlobalSection
EndGlobal
